// !$*UTF8*$!
{
	archiveVersion = 1;
	classes = {
	};
	objectVersion = 46;
	objects = {

/* Begin PBXBuildFile section */
		842EC29C1E9D1F620007A7C9 /* DetailVC.swift in Sources */ = {isa = PBXBuildFile; fileRef = 842EC29B1E9D1F620007A7C9 /* DetailVC.swift */; };
		848F357B1E9D16960010C718 /* AppDelegate.swift in Sources */ = {isa = PBXBuildFile; fileRef = 848F357A1E9D16960010C718 /* AppDelegate.swift */; };
		848F357D1E9D16960010C718 /* LoginVC.swift in Sources */ = {isa = PBXBuildFile; fileRef = 848F357C1E9D16960010C718 /* LoginVC.swift */; };
		848F35801E9D16960010C718 /* Main.storyboard in Resources */ = {isa = PBXBuildFile; fileRef = 848F357E1E9D16960010C718 /* Main.storyboard */; };
		848F35821E9D16960010C718 /* Assets.xcassets in Resources */ = {isa = PBXBuildFile; fileRef = 848F35811E9D16960010C718 /* Assets.xcassets */; };
		848F35851E9D16960010C718 /* LaunchScreen.storyboard in Resources */ = {isa = PBXBuildFile; fileRef = 848F35831E9D16960010C718 /* LaunchScreen.storyboard */; };
		848F358D1E9D17D90010C718 /* MusicListVC.swift in Sources */ = {isa = PBXBuildFile; fileRef = 848F358C1E9D17D90010C718 /* MusicListVC.swift */; };
/* End PBXBuildFile section */

/* Begin PBXFileReference section */
		842EC29B1E9D1F620007A7C9 /* DetailVC.swift */ = {isa = PBXFileReference; fileEncoding = 4; lastKnownFileType = sourcecode.swift; path = DetailVC.swift; sourceTree = "<group>"; };
		848F35771E9D16960010C718 /* ChangeScreen.app */ = {isa = PBXFileReference; explicitFileType = wrapper.application; includeInIndex = 0; path = ChangeScreen.app; sourceTree = BUILT_PRODUCTS_DIR; };
		848F357A1E9D16960010C718 /* AppDelegate.swift */ = {isa = PBXFileReference; lastKnownFileType = sourcecode.swift; path = AppDelegate.swift; sourceTree = "<group>"; };
		848F357C1E9D16960010C718 /* LoginVC.swift */ = {isa = PBXFileReference; lastKnownFileType = sourcecode.swift; path = LoginVC.swift; sourceTree = "<group>"; };
		848F357F1E9D16960010C718 /* Base */ = {isa = PBXFileReference; lastKnownFileType = file.storyboard; name = Base; path = Base.lproj/Main.storyboard; sourceTree = "<group>"; };
		848F35811E9D16960010C718 /* Assets.xcassets */ = {isa = PBXFileReference; lastKnownFileType = folder.assetcatalog; path = Assets.xcassets; sourceTree = "<group>"; };
		848F35841E9D16960010C718 /* Base */ = {isa = PBXFileReference; lastKnownFileType = file.storyboard; name = Base; path = Base.lproj/LaunchScreen.storyboard; sourceTree = "<group>"; };
		848F35861E9D16960010C718 /* Info.plist */ = {isa = PBXFileReference; lastKnownFileType = text.plist.xml; path = Info.plist; sourceTree = "<group>"; };
		848F358C1E9D17D90010C718 /* MusicListVC.swift */ = {isa = PBXFileReference; fileEncoding = 4; lastKnownFileType = sourcecode.swift; path = MusicListVC.swift; sourceTree = "<group>"; };
/* End PBXFileReference section */

/* Begin PBXFrameworksBuildPhase section */
		848F35741E9D16960010C718 /* Frameworks */ = {
			isa = PBXFrameworksBuildPhase;
			buildActionMask = 2147483647;
			files = (
			);
			runOnlyForDeploymentPostprocessing = 0;
		};
/* End PBXFrameworksBuildPhase section */

/* Begin PBXGroup section */
		848F356E1E9D16960010C718 = {
			isa = PBXGroup;
			children = (
				848F35791E9D16960010C718 /* ChangeScreen */,
				848F35781E9D16960010C718 /* Products */,
			);
			sourceTree = "<group>";
		};
		848F35781E9D16960010C718 /* Products */ = {
			isa = PBXGroup;
			children = (
				848F35771E9D16960010C718 /* ChangeScreen.app */,
			);
			name = Products;
			sourceTree = "<group>";
		};
		848F35791E9D16960010C718 /* ChangeScreen */ = {
			isa = PBXGroup;
			children = (
				848F357A1E9D16960010C718 /* AppDelegate.swift */,
				848F357C1E9D16960010C718 /* LoginVC.swift */,
				848F357E1E9D16960010C718 /* Main.storyboard */,
				848F35811E9D16960010C718 /* Assets.xcassets */,
				848F35831E9D16960010C718 /* LaunchScreen.storyboard */,
				848F35861E9D16960010C718 /* Info.plist */,
				848F358C1E9D17D90010C718 /* MusicListVC.swift */,
				842EC29B1E9D1F620007A7C9 /* DetailVC.swift */,
			);
			path = ChangeScreen;
			sourceTree = "<group>";
		};
/* End PBXGroup section */

/* Begin PBXNativeTarget section */
		848F35761E9D16960010C718 /* ChangeScreen */ = {
			isa = PBXNativeTarget;
			buildConfigurationList = 848F35891E9D16960010C718 /* Build configuration list for PBXNativeTarget "ChangeScreen" */;
			buildPhases = (
				848F35731E9D16960010C718 /* Sources */,
				848F35741E9D16960010C718 /* Frameworks */,
				848F35751E9D16960010C718 /* Resources */,
			);
			buildRules = (
			);
			dependencies = (
			);
			name = ChangeScreen;
			productName = ChangeScreen;
			productReference = 848F35771E9D16960010C718 /* ChangeScreen.app */;
			productType = "com.apple.product-type.application";
		};
/* End PBXNativeTarget section */

/* Begin PBXProject section */
		848F356F1E9D16960010C718 /* Project object */ = {
			isa = PBXProject;
			attributes = {
				LastSwiftUpdateCheck = 0830;
				LastUpgradeCheck = 0830;
				ORGANIZATIONNAME = duongmh3;
				TargetAttributes = {
					848F35761E9D16960010C718 = {
						CreatedOnToolsVersion = 8.3;
						DevelopmentTeam = N4ZJWBGM3S;
						ProvisioningStyle = Automatic;
					};
				};
			};
			buildConfigurationList = 848F35721E9D16960010C718 /* Build configuration list for PBXProject "ChangeScreen" */;
			compatibilityVersion = "Xcode 3.2";
			developmentRegion = English;
			hasScannedForEncodings = 0;
			knownRegions = (
				en,
				Base,
			);
			mainGroup = 848F356E1E9D16960010C718;
			productRefGroup = 848F35781E9D16960010C718 /* Products */;
			projectDirPath = "";
			projectRoot = "";
			targets = (
				848F35761E9D16960010C718 /* ChangeScreen */,
			);
		};
/* End PBXProject section */

/* Begin PBXResourcesBuildPhase section */
		848F35751E9D16960010C718 /* Resources */ = {
			isa = PBXResourcesBuildPhase;
			buildActionMask = 2147483647;
			files = (
				848F35851E9D16960010C718 /* LaunchScreen.storyboard in Resources */,
				848F35821E9D16960010C718 /* Assets.xcassets in Resources */,
				848F35801E9D16960010C718 /* Main.storyboard in Resources */,
			);
			runOnlyForDeploymentPostprocessing = 0;
		};
/* End PBXResourcesBuildPhase section */

/* Begin PBXSourcesBuildPhase section */
		848F35731E9D16960010C718 /* Sources */ = {
			isa = PBXSourcesBuildPhase;
			buildActionMask = 2147483647;
			files = (
				848F358D1E9D17D90010C718 /* MusicListVC.swift in Sources */,
				842EC29C1E9D1F620007A7C9 /* DetailVC.swift in Sources */,
				848F357D1E9D16960010C718 /* LoginVC.swift in Sources */,
				848F357B1E9D16960010C718 /* AppDelegate.swift in Sources */,
			);
			runOnlyForDeploymentPostprocessing = 0;
		};
/* End PBXSourcesBuildPhase section */

/* Begin PBXVariantGroup section */
		848F357E1E9D16960010C718 /* Main.storyboard */ = {
			isa = PBXVariantGroup;
			children = (
				848F357F1E9D16960010C718 /* Base */,
			);
			name = Main.storyboard;
			sourceTree = "<group>";
		};
		848F35831E9D16960010C718 /* LaunchScreen.storyboard */ = {
			isa = PBXVariantGroup;
			children = (
				848F35841E9D16960010C718 /* Base */,
			);
			name = LaunchScreen.storyboard;
			sourceTree = "<group>";
		};
/* End PBXVariantGroup section */

/* Begin XCBuildConfiguration section */
		848F35871E9D16960010C718 /* Debug */ = {
			isa = XCBuildConfiguration;
			buildSettings = {
				ALWAYS_SEARCH_USER_PATHS = NO;
				CLANG_ANALYZER_NONNULL = YES;
				CLANG_ANALYZER_NUMBER_OBJECT_CONVERSION = YES_AGGRESSIVE;
				CLANG_CXX_LANGUAGE_STANDARD = "gnu++0x";
				CLANG_CXX_LIBRARY = "libc++";
				CLANG_ENABLE_MODULES = YES;
				CLANG_ENABLE_OBJC_ARC = YES;
				CLANG_WARN_BOOL_CONVERSION = YES;
				CLANG_WARN_CONSTANT_CONVERSION = YES;
				CLANG_WARN_DIRECT_OBJC_ISA_USAGE = YES_ERROR;
				CLANG_WARN_DOCUMENTATION_COMMENTS = YES;
				CLANG_WARN_EMPTY_BODY = YES;
				CLANG_WARN_ENUM_CONVERSION = YES;
				CLANG_WARN_INFINITE_RECURSION = YES;
				CLANG_WARN_INT_CONVERSION = YES;
				CLANG_WARN_OBJC_ROOT_CLASS = YES_ERROR;
				CLANG_WARN_SUSPICIOUS_MOVE = YES;
				CLANG_WARN_UNREACHABLE_CODE = YES;
				CLANG_WARN__DUPLICATE_METHOD_MATCH = YES;
				"CODE_SIGN_IDENTITY[sdk=iphoneos*]" = "iPhone Developer";
				COPY_PHASE_STRIP = NO;
				DEBUG_INFORMATION_FORMAT = dwarf;
				ENABLE_STRICT_OBJC_MSGSEND = YES;
				ENABLE_TESTABILITY = YES;
				GCC_C_LANGUAGE_STANDARD = gnu99;
				GCC_DYNAMIC_NO_PIC = NO;
				GCC_NO_COMMON_BLOCKS = YES;
				GCC_OPTIMIZATION_LEVEL = 0;
				GCC_PREPROCESSOR_DEFINITIONS = (
					"DEBUG=1",
					"$(inherited)",
				);
				GCC_WARN_64_TO_32_BIT_CONVERSION = YES;
				GCC_WARN_ABOUT_RETURN_TYPE = YES_ERROR;
				GCC_WARN_UNDECLARED_SELECTOR = YES;
				GCC_WARN_UNINITIALIZED_AUTOS = YES_AGGRESSIVE;
				GCC_WARN_UNUSED_FUNCTION = YES;
				GCC_WARN_UNUSED_VARIABLE = YES;
				IPHONEOS_DEPLOYMENT_TARGET = 10.3;
				MTL_ENABLE_DEBUG_INFO = YES;
				ONLY_ACTIVE_ARCH = YES;
				SDKROOT = iphoneos;
				SWIFT_ACTIVE_COMPILATION_CONDITIONS = DEBUG;
				SWIFT_OPTIMIZATION_LEVEL = "-Onone";
				TARGETED_DEVICE_FAMILY = "1,2";
			};
			name = Debug;
		};
		848F35881E9D16960010C718 /* Release */ = {
			isa = XCBuildConfiguration;
			buildSettings = {
				ALWAYS_SEARCH_USER_PATHS = NO;
				CLANG_ANALYZER_NONNULL = YES;
				CLANG_ANALYZER_NUMBER_OBJECT_CONVERSION = YES_AGGRESSIVE;
				CLANG_CXX_LANGUAGE_STANDARD = "gnu++0x";
				CLANG_CXX_LIBRARY = "libc++";
				CLANG_ENABLE_MODULES = YES;
				CLANG_ENABLE_OBJC_ARC = YES;
				CLANG_WARN_BOOL_CONVERSION = YES;
				CLANG_WARN_CONSTANT_CONVERSION = YES;
				CLANG_WARN_DIRECT_OBJC_ISA_USAGE = YES_ERROR;
				CLANG_WARN_DOCUMENTATION_COMMENTS = YES;
				CLANG_WARN_EMPTY_BODY = YES;
				CLANG_WARN_ENUM_CONVERSION = YES;
				CLANG_WARN_INFINITE_RECURSION = YES;
				CLANG_WARN_INT_CONVERSION = YES;
				CLANG_WARN_OBJC_ROOT_CLASS = YES_ERROR;
				CLANG_WARN_SUSPICIOUS_MOVE = YES;
				CLANG_WARN_UNREACHABLE_CODE = YES;
				CLANG_WARN__DUPLICATE_METHOD_MATCH = YES;
				"CODE_SIGN_IDENTITY[sdk=iphoneos*]" = "iPhone Developer";
				COPY_PHASE_STRIP = NO;
				DEBUG_INFORMATION_FORMAT = "dwarf-with-dsym";
				ENABLE_NS_ASSERTIONS = NO;
				ENABLE_STRICT_OBJC_MSGSEND = YES;
				GCC_C_LANGUAGE_STANDARD = gnu99;
				GCC_NO_COMMON_BLOCKS = YES;
				GCC_WARN_64_TO_32_BIT_CONVERSION = YES;
				GCC_WARN_ABOUT_RETURN_TYPE = YES_ERROR;
				GCC_WARN_UNDECLARED_SELECTOR = YES;
				GCC_WARN_UNINITIALIZED_AUTOS = YES_AGGRESSIVE;
				GCC_WARN_UNUSED_FUNCTION = YES;
				GCC_WARN_UNUSED_VARIABLE = YES;
				IPHONEOS_DEPLOYMENT_TARGET = 10.3;
				MTL_ENABLE_DEBUG_INFO = NO;
				SDKROOT = iphoneos;
				SWIFT_OPTIMIZATION_LEVEL = "-Owholemodule";
				TARGETED_DEVICE_FAMILY = "1,2";
				VALIDATE_PRODUCT = YES;
			};
			name = Release;
		};
		848F358A1E9D16960010C718 /* Debug */ = {
			isa = XCBuildConfiguration;
			buildSettings = {
				ASSETCATALOG_COMPILER_APPICON_NAME = AppIcon;
				DEVELOPMENT_TEAM = N4ZJWBGM3S;
				INFOPLIST_FILE = ChangeScreen/Info.plist;
				LD_RUNPATH_SEARCH_PATHS = "$(inherited) @executable_path/Frameworks";
				PRODUCT_BUNDLE_IDENTIFIER = com.duongmh3.ChangeScreen;
				PRODUCT_NAME = "$(TARGET_NAME)";
				SWIFT_VERSION = 3.0;
			};
			name = Debug;
		};
		848F358B1E9D16960010C718 /* Release */ = {
			isa = XCBuildConfiguration;
			buildSettings = {
				ASSETCATALOG_COMPILER_APPICON_NAME = AppIcon;
				DEVELOPMENT_TEAM = N4ZJWBGM3S;
				INFOPLIST_FILE = ChangeScreen/Info.plist;
				LD_RUNPATH_SEARCH_PATHS = "$(inherited) @executable_path/Frameworks";
				PRODUCT_BUNDLE_IDENTIFIER = com.duongmh3.ChangeScreen;
				PRODUCT_NAME = "$(TARGET_NAME)";
				SWIFT_VERSION = 3.0;
			};
			name = Release;
		};
/* End XCBuildConfiguration section */

/* Begin XCConfigurationList section */
		848F35721E9D16960010C718 /* Build configuration list for PBXProject "ChangeScreen" */ = {
			isa = XCConfigurationList;
			buildConfigurations = (
				848F35871E9D16960010C718 /* Debug */,
				848F35881E9D16960010C718 /* Release */,
			);
			defaultConfigurationIsVisible = 0;
			defaultConfigurationName = Release;
		};
		848F35891E9D16960010C718 /* Build configuration list for PBXNativeTarget "ChangeScreen" */ = {
			isa = XCConfigurationList;
			buildConfigurations = (
				848F358A1E9D16960010C718 /* Debug */,
				848F358B1E9D16960010C718 /* Release */,
			);
			defaultConfigurationIsVisible = 0;
			defaultConfigurationName = Release;
		};
/* End XCConfigurationList section */
	};
	rootObject = 848F356F1E9D16960010C718 /* Project object */;
}
